// !$*UTF8*$!
{
	archiveVersion = 1;
	classes = {
	};
	objectVersion = 46;
	objects = {

/* Begin PBXBuildFile section */
		39E50DF0E88B6DE3D7CF443F /* Pods_demo.framework in Frameworks */ = {isa = PBXBuildFile; fileRef = 59CE012B0D0C4E47286F6579 /* Pods_demo.framework */; };
		C5090D251EBAC435008F28D7 /* AppDelegate.swift in Sources */ = {isa = PBXBuildFile; fileRef = C5090D241EBAC435008F28D7 /* AppDelegate.swift */; };
		C5090D271EBAC435008F28D7 /* ViewController.swift in Sources */ = {isa = PBXBuildFile; fileRef = C5090D261EBAC435008F28D7 /* ViewController.swift */; };
		C5090D2A1EBAC435008F28D7 /* Main.storyboard in Resources */ = {isa = PBXBuildFile; fileRef = C5090D281EBAC435008F28D7 /* Main.storyboard */; };
		C5090D2C1EBAC435008F28D7 /* Assets.xcassets in Resources */ = {isa = PBXBuildFile; fileRef = C5090D2B1EBAC435008F28D7 /* Assets.xcassets */; };
		C5090D2F1EBAC435008F28D7 /* LaunchScreen.storyboard in Resources */ = {isa = PBXBuildFile; fileRef = C5090D2D1EBAC435008F28D7 /* LaunchScreen.storyboard */; };
		C5090D3A1EBAC435008F28D7 /* demoTests.swift in Sources */ = {isa = PBXBuildFile; fileRef = C5090D391EBAC435008F28D7 /* demoTests.swift */; };
		C5090D451EBAC435008F28D7 /* demoUITests.swift in Sources */ = {isa = PBXBuildFile; fileRef = C5090D441EBAC435008F28D7 /* demoUITests.swift */; };
		C5090D531EBAC537008F28D7 /* DetailViewController.swift in Sources */ = {isa = PBXBuildFile; fileRef = C5090D521EBAC537008F28D7 /* DetailViewController.swift */; };
		C5090D551EBAD474008F28D7 /* ToDo.swift in Sources */ = {isa = PBXBuildFile; fileRef = C5090D541EBAD474008F28D7 /* ToDo.swift */; };
		E30A0749C5D4C170D3CAAE33 /* Pods_demoUITests.framework in Frameworks */ = {isa = PBXBuildFile; fileRef = BD3BB03F7BE6C0C46D87B655 /* Pods_demoUITests.framework */; };
		E8014B48286064F98BBF9333 /* Pods_demoTests.framework in Frameworks */ = {isa = PBXBuildFile; fileRef = 7513DB9F2DFF5C761B50BE1E /* Pods_demoTests.framework */; };
/* End PBXBuildFile section */

/* Begin PBXContainerItemProxy section */
		C5090D361EBAC435008F28D7 /* PBXContainerItemProxy */ = {
			isa = PBXContainerItemProxy;
			containerPortal = C5090D191EBAC435008F28D7 /* Project object */;
			proxyType = 1;
			remoteGlobalIDString = C5090D201EBAC435008F28D7;
			remoteInfo = demo;
		};
		C5090D411EBAC435008F28D7 /* PBXContainerItemProxy */ = {
			isa = PBXContainerItemProxy;
			containerPortal = C5090D191EBAC435008F28D7 /* Project object */;
			proxyType = 1;
			remoteGlobalIDString = C5090D201EBAC435008F28D7;
			remoteInfo = demo;
		};
/* End PBXContainerItemProxy section */

/* Begin PBXFileReference section */
		59CE012B0D0C4E47286F6579 /* Pods_demo.framework */ = {isa = PBXFileReference; explicitFileType = wrapper.framework; includeInIndex = 0; path = Pods_demo.framework; sourceTree = BUILT_PRODUCTS_DIR; };
		6A8F30AAF4410605322F2183 /* Pods-demo.debug.xcconfig */ = {isa = PBXFileReference; includeInIndex = 1; lastKnownFileType = text.xcconfig; name = "Pods-demo.debug.xcconfig"; path = "Pods/Target Support Files/Pods-demo/Pods-demo.debug.xcconfig"; sourceTree = "<group>"; };
		7513DB9F2DFF5C761B50BE1E /* Pods_demoTests.framework */ = {isa = PBXFileReference; explicitFileType = wrapper.framework; includeInIndex = 0; path = Pods_demoTests.framework; sourceTree = BUILT_PRODUCTS_DIR; };
		86AC1C9A938305EC5B176313 /* Pods-demoUITests.debug.xcconfig */ = {isa = PBXFileReference; includeInIndex = 1; lastKnownFileType = text.xcconfig; name = "Pods-demoUITests.debug.xcconfig"; path = "Pods/Target Support Files/Pods-demoUITests/Pods-demoUITests.debug.xcconfig"; sourceTree = "<group>"; };
		A22A628F5874FB622A25F716 /* Pods-demoTests.release.xcconfig */ = {isa = PBXFileReference; includeInIndex = 1; lastKnownFileType = text.xcconfig; name = "Pods-demoTests.release.xcconfig"; path = "Pods/Target Support Files/Pods-demoTests/Pods-demoTests.release.xcconfig"; sourceTree = "<group>"; };
		BD3BB03F7BE6C0C46D87B655 /* Pods_demoUITests.framework */ = {isa = PBXFileReference; explicitFileType = wrapper.framework; includeInIndex = 0; path = Pods_demoUITests.framework; sourceTree = BUILT_PRODUCTS_DIR; };
		C5090D211EBAC435008F28D7 /* demo.app */ = {isa = PBXFileReference; explicitFileType = wrapper.application; includeInIndex = 0; path = demo.app; sourceTree = BUILT_PRODUCTS_DIR; };
		C5090D241EBAC435008F28D7 /* AppDelegate.swift */ = {isa = PBXFileReference; lastKnownFileType = sourcecode.swift; path = AppDelegate.swift; sourceTree = "<group>"; };
		C5090D261EBAC435008F28D7 /* ViewController.swift */ = {isa = PBXFileReference; lastKnownFileType = sourcecode.swift; path = ViewController.swift; sourceTree = "<group>"; };
		C5090D291EBAC435008F28D7 /* Base */ = {isa = PBXFileReference; lastKnownFileType = file.storyboard; name = Base; path = Base.lproj/Main.storyboard; sourceTree = "<group>"; };
		C5090D2B1EBAC435008F28D7 /* Assets.xcassets */ = {isa = PBXFileReference; lastKnownFileType = folder.assetcatalog; path = Assets.xcassets; sourceTree = "<group>"; };
		C5090D2E1EBAC435008F28D7 /* Base */ = {isa = PBXFileReference; lastKnownFileType = file.storyboard; name = Base; path = Base.lproj/LaunchScreen.storyboard; sourceTree = "<group>"; };
		C5090D301EBAC435008F28D7 /* Info.plist */ = {isa = PBXFileReference; lastKnownFileType = text.plist.xml; path = Info.plist; sourceTree = "<group>"; };
		C5090D351EBAC435008F28D7 /* demoTests.xctest */ = {isa = PBXFileReference; explicitFileType = wrapper.cfbundle; includeInIndex = 0; path = demoTests.xctest; sourceTree = BUILT_PRODUCTS_DIR; };
		C5090D391EBAC435008F28D7 /* demoTests.swift */ = {isa = PBXFileReference; lastKnownFileType = sourcecode.swift; path = demoTests.swift; sourceTree = "<group>"; };
		C5090D3B1EBAC435008F28D7 /* Info.plist */ = {isa = PBXFileReference; lastKnownFileType = text.plist.xml; path = Info.plist; sourceTree = "<group>"; };
		C5090D401EBAC435008F28D7 /* demoUITests.xctest */ = {isa = PBXFileReference; explicitFileType = wrapper.cfbundle; includeInIndex = 0; path = demoUITests.xctest; sourceTree = BUILT_PRODUCTS_DIR; };
		C5090D441EBAC435008F28D7 /* demoUITests.swift */ = {isa = PBXFileReference; lastKnownFileType = sourcecode.swift; path = demoUITests.swift; sourceTree = "<group>"; };
		C5090D461EBAC435008F28D7 /* Info.plist */ = {isa = PBXFileReference; lastKnownFileType = text.plist.xml; path = Info.plist; sourceTree = "<group>"; };
		C5090D521EBAC537008F28D7 /* DetailViewController.swift */ = {isa = PBXFileReference; fileEncoding = 4; lastKnownFileType = sourcecode.swift; path = DetailViewController.swift; sourceTree = "<group>"; };
		C5090D541EBAD474008F28D7 /* ToDo.swift */ = {isa = PBXFileReference; fileEncoding = 4; lastKnownFileType = sourcecode.swift; path = ToDo.swift; sourceTree = "<group>"; };
		EA6072907980D5BD34196D0D /* Pods-demoTests.debug.xcconfig */ = {isa = PBXFileReference; includeInIndex = 1; lastKnownFileType = text.xcconfig; name = "Pods-demoTests.debug.xcconfig"; path = "Pods/Target Support Files/Pods-demoTests/Pods-demoTests.debug.xcconfig"; sourceTree = "<group>"; };
		EB77F2F8F60A29F093FE87AB /* Pods-demo.release.xcconfig */ = {isa = PBXFileReference; includeInIndex = 1; lastKnownFileType = text.xcconfig; name = "Pods-demo.release.xcconfig"; path = "Pods/Target Support Files/Pods-demo/Pods-demo.release.xcconfig"; sourceTree = "<group>"; };
		F99860B07F815468FCBDEBE0 /* Pods-demoUITests.release.xcconfig */ = {isa = PBXFileReference; includeInIndex = 1; lastKnownFileType = text.xcconfig; name = "Pods-demoUITests.release.xcconfig"; path = "Pods/Target Support Files/Pods-demoUITests/Pods-demoUITests.release.xcconfig"; sourceTree = "<group>"; };
/* End PBXFileReference section */

/* Begin PBXFrameworksBuildPhase section */
		C5090D1E1EBAC435008F28D7 /* Frameworks */ = {
			isa = PBXFrameworksBuildPhase;
			buildActionMask = 2147483647;
			files = (
				39E50DF0E88B6DE3D7CF443F /* Pods_demo.framework in Frameworks */,
			);
			runOnlyForDeploymentPostprocessing = 0;
		};
		C5090D321EBAC435008F28D7 /* Frameworks */ = {
			isa = PBXFrameworksBuildPhase;
			buildActionMask = 2147483647;
			files = (
				E8014B48286064F98BBF9333 /* Pods_demoTests.framework in Frameworks */,
			);
			runOnlyForDeploymentPostprocessing = 0;
		};
		C5090D3D1EBAC435008F28D7 /* Frameworks */ = {
			isa = PBXFrameworksBuildPhase;
			buildActionMask = 2147483647;
			files = (
				E30A0749C5D4C170D3CAAE33 /* Pods_demoUITests.framework in Frameworks */,
			);
			runOnlyForDeploymentPostprocessing = 0;
		};
/* End PBXFrameworksBuildPhase section */

/* Begin PBXGroup section */
		64FB51A834465A853C8A835F /* Frameworks */ = {
			isa = PBXGroup;
			children = (
				59CE012B0D0C4E47286F6579 /* Pods_demo.framework */,
				7513DB9F2DFF5C761B50BE1E /* Pods_demoTests.framework */,
				BD3BB03F7BE6C0C46D87B655 /* Pods_demoUITests.framework */,
			);
			name = Frameworks;
			sourceTree = "<group>";
		};
		7EE9FDB6235B466523950D34 /* Pods */ = {
			isa = PBXGroup;
			children = (
				6A8F30AAF4410605322F2183 /* Pods-demo.debug.xcconfig */,
				EB77F2F8F60A29F093FE87AB /* Pods-demo.release.xcconfig */,
				EA6072907980D5BD34196D0D /* Pods-demoTests.debug.xcconfig */,
				A22A628F5874FB622A25F716 /* Pods-demoTests.release.xcconfig */,
				86AC1C9A938305EC5B176313 /* Pods-demoUITests.debug.xcconfig */,
				F99860B07F815468FCBDEBE0 /* Pods-demoUITests.release.xcconfig */,
			);
			name = Pods;
			sourceTree = "<group>";
		};
		C5090D181EBAC435008F28D7 = {
			isa = PBXGroup;
			children = (
				C5090D231EBAC435008F28D7 /* demo */,
				C5090D381EBAC435008F28D7 /* demoTests */,
				C5090D431EBAC435008F28D7 /* demoUITests */,
				C5090D221EBAC435008F28D7 /* Products */,
				7EE9FDB6235B466523950D34 /* Pods */,
				64FB51A834465A853C8A835F /* Frameworks */,
			);
			sourceTree = "<group>";
		};
		C5090D221EBAC435008F28D7 /* Products */ = {
			isa = PBXGroup;
			children = (
				C5090D211EBAC435008F28D7 /* demo.app */,
				C5090D351EBAC435008F28D7 /* demoTests.xctest */,
				C5090D401EBAC435008F28D7 /* demoUITests.xctest */,
			);
			name = Products;
			sourceTree = "<group>";
		};
		C5090D231EBAC435008F28D7 /* demo */ = {
			isa = PBXGroup;
			children = (
				C5090D241EBAC435008F28D7 /* AppDelegate.swift */,
				C5090D261EBAC435008F28D7 /* ViewController.swift */,
				C5090D281EBAC435008F28D7 /* Main.storyboard */,
				C5090D2B1EBAC435008F28D7 /* Assets.xcassets */,
				C5090D2D1EBAC435008F28D7 /* LaunchScreen.storyboard */,
				C5090D301EBAC435008F28D7 /* Info.plist */,
				C5090D521EBAC537008F28D7 /* DetailViewController.swift */,
				C5090D541EBAD474008F28D7 /* ToDo.swift */,
			);
			path = demo;
			sourceTree = "<group>";
		};
		C5090D381EBAC435008F28D7 /* demoTests */ = {
			isa = PBXGroup;
			children = (
				C5090D391EBAC435008F28D7 /* demoTests.swift */,
				C5090D3B1EBAC435008F28D7 /* Info.plist */,
			);
			path = demoTests;
			sourceTree = "<group>";
		};
		C5090D431EBAC435008F28D7 /* demoUITests */ = {
			isa = PBXGroup;
			children = (
				C5090D441EBAC435008F28D7 /* demoUITests.swift */,
				C5090D461EBAC435008F28D7 /* Info.plist */,
			);
			path = demoUITests;
			sourceTree = "<group>";
		};
/* End PBXGroup section */

/* Begin PBXNativeTarget section */
		C5090D201EBAC435008F28D7 /* demo */ = {
			isa = PBXNativeTarget;
			buildConfigurationList = C5090D491EBAC435008F28D7 /* Build configuration list for PBXNativeTarget "demo" */;
			buildPhases = (
				FA75C35CFEBA40004373375D /* [CP] Check Pods Manifest.lock */,
				C5090D1D1EBAC435008F28D7 /* Sources */,
				C5090D1E1EBAC435008F28D7 /* Frameworks */,
				C5090D1F1EBAC435008F28D7 /* Resources */,
				94682FC1D01E8D05BBD5AC3C /* [CP] Embed Pods Frameworks */,
				F1546C26715EC6602F3921DF /* [CP] Copy Pods Resources */,
			);
			buildRules = (
			);
			dependencies = (
			);
			name = demo;
			productName = demo;
			productReference = C5090D211EBAC435008F28D7 /* demo.app */;
			productType = "com.apple.product-type.application";
		};
		C5090D341EBAC435008F28D7 /* demoTests */ = {
			isa = PBXNativeTarget;
			buildConfigurationList = C5090D4C1EBAC435008F28D7 /* Build configuration list for PBXNativeTarget "demoTests" */;
			buildPhases = (
				CB4E5097CEE7420127BF501A /* [CP] Check Pods Manifest.lock */,
				C5090D311EBAC435008F28D7 /* Sources */,
				C5090D321EBAC435008F28D7 /* Frameworks */,
				C5090D331EBAC435008F28D7 /* Resources */,
				294721446FA6159B1C1F5837 /* [CP] Embed Pods Frameworks */,
				2FAE6B4A078C5731625CEE78 /* [CP] Copy Pods Resources */,
			);
			buildRules = (
			);
			dependencies = (
				C5090D371EBAC435008F28D7 /* PBXTargetDependency */,
			);
			name = demoTests;
			productName = demoTests;
			productReference = C5090D351EBAC435008F28D7 /* demoTests.xctest */;
			productType = "com.apple.product-type.bundle.unit-test";
		};
		C5090D3F1EBAC435008F28D7 /* demoUITests */ = {
			isa = PBXNativeTarget;
			buildConfigurationList = C5090D4F1EBAC435008F28D7 /* Build configuration list for PBXNativeTarget "demoUITests" */;
			buildPhases = (
				29885531FC428B5B1A1202C6 /* [CP] Check Pods Manifest.lock */,
				C5090D3C1EBAC435008F28D7 /* Sources */,
				C5090D3D1EBAC435008F28D7 /* Frameworks */,
				C5090D3E1EBAC435008F28D7 /* Resources */,
				D1C0472384B9FBE30DABFB28 /* [CP] Embed Pods Frameworks */,
				0547260503D56F849B85A56C /* [CP] Copy Pods Resources */,
			);
			buildRules = (
			);
			dependencies = (
				C5090D421EBAC435008F28D7 /* PBXTargetDependency */,
			);
			name = demoUITests;
			productName = demoUITests;
			productReference = C5090D401EBAC435008F28D7 /* demoUITests.xctest */;
			productType = "com.apple.product-type.bundle.ui-testing";
		};
/* End PBXNativeTarget section */

/* Begin PBXProject section */
		C5090D191EBAC435008F28D7 /* Project object */ = {
			isa = PBXProject;
			attributes = {
				LastSwiftUpdateCheck = 0820;
				LastUpgradeCheck = 0820;
				ORGANIZATIONNAME = "藤原和矢";
				TargetAttributes = {
					C5090D201EBAC435008F28D7 = {
						CreatedOnToolsVersion = 8.2.1;
						ProvisioningStyle = Automatic;
					};
					C5090D341EBAC435008F28D7 = {
						CreatedOnToolsVersion = 8.2.1;
						ProvisioningStyle = Automatic;
						TestTargetID = C5090D201EBAC435008F28D7;
					};
					C5090D3F1EBAC435008F28D7 = {
						CreatedOnToolsVersion = 8.2.1;
						ProvisioningStyle = Automatic;
						TestTargetID = C5090D201EBAC435008F28D7;
					};
				};
			};
			buildConfigurationList = C5090D1C1EBAC435008F28D7 /* Build configuration list for PBXProject "demo" */;
			compatibilityVersion = "Xcode 3.2";
			developmentRegion = English;
			hasScannedForEncodings = 0;
			knownRegions = (
				en,
				Base,
			);
			mainGroup = C5090D181EBAC435008F28D7;
			productRefGroup = C5090D221EBAC435008F28D7 /* Products */;
			projectDirPath = "";
			projectRoot = "";
			targets = (
				C5090D201EBAC435008F28D7 /* demo */,
				C5090D341EBAC435008F28D7 /* demoTests */,
				C5090D3F1EBAC435008F28D7 /* demoUITests */,
			);
		};
/* End PBXProject section */

/* Begin PBXResourcesBuildPhase section */
		C5090D1F1EBAC435008F28D7 /* Resources */ = {
			isa = PBXResourcesBuildPhase;
			buildActionMask = 2147483647;
			files = (
				C5090D2F1EBAC435008F28D7 /* LaunchScreen.storyboard in Resources */,
				C5090D2C1EBAC435008F28D7 /* Assets.xcassets in Resources */,
				C5090D2A1EBAC435008F28D7 /* Main.storyboard in Resources */,
			);
			runOnlyForDeploymentPostprocessing = 0;
		};
		C5090D331EBAC435008F28D7 /* Resources */ = {
			isa = PBXResourcesBuildPhase;
			buildActionMask = 2147483647;
			files = (
			);
			runOnlyForDeploymentPostprocessing = 0;
		};
		C5090D3E1EBAC435008F28D7 /* Resources */ = {
			isa = PBXResourcesBuildPhase;
			buildActionMask = 2147483647;
			files = (
			);
			runOnlyForDeploymentPostprocessing = 0;
		};
/* End PBXResourcesBuildPhase section */

/* Begin PBXShellScriptBuildPhase section */
		0547260503D56F849B85A56C /* [CP] Copy Pods Resources */ = {
			isa = PBXShellScriptBuildPhase;
			buildActionMask = 2147483647;
			files = (
			);
			inputPaths = (
			);
			name = "[CP] Copy Pods Resources";
			outputPaths = (
			);
			runOnlyForDeploymentPostprocessing = 0;
			shellPath = /bin/sh;
			shellScript = "\"${SRCROOT}/Pods/Target Support Files/Pods-demoUITests/Pods-demoUITests-resources.sh\"\n";
			showEnvVarsInLog = 0;
		};
		294721446FA6159B1C1F5837 /* [CP] Embed Pods Frameworks */ = {
			isa = PBXShellScriptBuildPhase;
			buildActionMask = 2147483647;
			files = (
			);
			inputPaths = (
			);
			name = "[CP] Embed Pods Frameworks";
			outputPaths = (
			);
			runOnlyForDeploymentPostprocessing = 0;
			shellPath = /bin/sh;
			shellScript = "\"${SRCROOT}/Pods/Target Support Files/Pods-demoTests/Pods-demoTests-frameworks.sh\"\n";
			showEnvVarsInLog = 0;
		};
		29885531FC428B5B1A1202C6 /* [CP] Check Pods Manifest.lock */ = {
			isa = PBXShellScriptBuildPhase;
			buildActionMask = 2147483647;
			files = (
			);
			inputPaths = (
			);
			name = "[CP] Check Pods Manifest.lock";
			outputPaths = (
			);
			runOnlyForDeploymentPostprocessing = 0;
			shellPath = /bin/sh;
			shellScript = "diff \"${PODS_PODFILE_DIR_PATH}/Podfile.lock\" \"${PODS_ROOT}/Manifest.lock\" > /dev/null\nif [ $? != 0 ] ; then\n    # print error to STDERR\n    echo \"error: The sandbox is not in sync with the Podfile.lock. Run 'pod install' or update your CocoaPods installation.\" >&2\n    exit 1\nfi\n";
			showEnvVarsInLog = 0;
		};
		2FAE6B4A078C5731625CEE78 /* [CP] Copy Pods Resources */ = {
			isa = PBXShellScriptBuildPhase;
			buildActionMask = 2147483647;
			files = (
			);
			inputPaths = (
			);
			name = "[CP] Copy Pods Resources";
			outputPaths = (
			);
			runOnlyForDeploymentPostprocessing = 0;
			shellPath = /bin/sh;
			shellScript = "\"${SRCROOT}/Pods/Target Support Files/Pods-demoTests/Pods-demoTests-resources.sh\"\n";
			showEnvVarsInLog = 0;
		};
		94682FC1D01E8D05BBD5AC3C /* [CP] Embed Pods Frameworks */ = {
			isa = PBXShellScriptBuildPhase;
			buildActionMask = 2147483647;
			files = (
			);
			inputPaths = (
			);
			name = "[CP] Embed Pods Frameworks";
			outputPaths = (
			);
			runOnlyForDeploymentPostprocessing = 0;
			shellPath = /bin/sh;
			shellScript = "\"${SRCROOT}/Pods/Target Support Files/Pods-demo/Pods-demo-frameworks.sh\"\n";
			showEnvVarsInLog = 0;
		};
		CB4E5097CEE7420127BF501A /* [CP] Check Pods Manifest.lock */ = {
			isa = PBXShellScriptBuildPhase;
			buildActionMask = 2147483647;
			files = (
			);
			inputPaths = (
			);
			name = "[CP] Check Pods Manifest.lock";
			outputPaths = (
			);
			runOnlyForDeploymentPostprocessing = 0;
			shellPath = /bin/sh;
			shellScript = "diff \"${PODS_PODFILE_DIR_PATH}/Podfile.lock\" \"${PODS_ROOT}/Manifest.lock\" > /dev/null\nif [ $? != 0 ] ; then\n    # print error to STDERR\n    echo \"error: The sandbox is not in sync with the Podfile.lock. Run 'pod install' or update your CocoaPods installation.\" >&2\n    exit 1\nfi\n";
			showEnvVarsInLog = 0;
		};
		D1C0472384B9FBE30DABFB28 /* [CP] Embed Pods Frameworks */ = {
			isa = PBXShellScriptBuildPhase;
			buildActionMask = 2147483647;
			files = (
			);
			inputPaths = (
			);
			name = "[CP] Embed Pods Frameworks";
			outputPaths = (
			);
			runOnlyForDeploymentPostprocessing = 0;
			shellPath = /bin/sh;
			shellScript = "\"${SRCROOT}/Pods/Target Support Files/Pods-demoUITests/Pods-demoUITests-frameworks.sh\"\n";
			showEnvVarsInLog = 0;
		};
		F1546C26715EC6602F3921DF /* [CP] Copy Pods Resources */ = {
			isa = PBXShellScriptBuildPhase;
			buildActionMask = 2147483647;
			files = (
			);
			inputPaths = (
			);
			name = "[CP] Copy Pods Resources";
			outputPaths = (
			);
			runOnlyForDeploymentPostprocessing = 0;
			shellPath = /bin/sh;
			shellScript = "\"${SRCROOT}/Pods/Target Support Files/Pods-demo/Pods-demo-resources.sh\"\n";
			showEnvVarsInLog = 0;
		};
		FA75C35CFEBA40004373375D /* [CP] Check Pods Manifest.lock */ = {
			isa = PBXShellScriptBuildPhase;
			buildActionMask = 2147483647;
			files = (
			);
			inputPaths = (
			);
			name = "[CP] Check Pods Manifest.lock";
			outputPaths = (
			);
			runOnlyForDeploymentPostprocessing = 0;
			shellPath = /bin/sh;
			shellScript = "diff \"${PODS_PODFILE_DIR_PATH}/Podfile.lock\" \"${PODS_ROOT}/Manifest.lock\" > /dev/null\nif [ $? != 0 ] ; then\n    # print error to STDERR\n    echo \"error: The sandbox is not in sync with the Podfile.lock. Run 'pod install' or update your CocoaPods installation.\" >&2\n    exit 1\nfi\n";
			showEnvVarsInLog = 0;
		};
/* End PBXShellScriptBuildPhase section */

/* Begin PBXSourcesBuildPhase section */
		C5090D1D1EBAC435008F28D7 /* Sources */ = {
			isa = PBXSourcesBuildPhase;
			buildActionMask = 2147483647;
			files = (
				C5090D271EBAC435008F28D7 /* ViewController.swift in Sources */,
				C5090D251EBAC435008F28D7 /* AppDelegate.swift in Sources */,
				C5090D531EBAC537008F28D7 /* DetailViewController.swift in Sources */,
				C5090D551EBAD474008F28D7 /* ToDo.swift in Sources */,
			);
			runOnlyForDeploymentPostprocessing = 0;
		};
		C5090D311EBAC435008F28D7 /* Sources */ = {
			isa = PBXSourcesBuildPhase;
			buildActionMask = 2147483647;
			files = (
				C5090D3A1EBAC435008F28D7 /* demoTests.swift in Sources */,
			);
			runOnlyForDeploymentPostprocessing = 0;
		};
		C5090D3C1EBAC435008F28D7 /* Sources */ = {
			isa = PBXSourcesBuildPhase;
			buildActionMask = 2147483647;
			files = (
				C5090D451EBAC435008F28D7 /* demoUITests.swift in Sources */,
			);
			runOnlyForDeploymentPostprocessing = 0;
		};
/* End PBXSourcesBuildPhase section */

/* Begin PBXTargetDependency section */
		C5090D371EBAC435008F28D7 /* PBXTargetDependency */ = {
			isa = PBXTargetDependency;
			target = C5090D201EBAC435008F28D7 /* demo */;
			targetProxy = C5090D361EBAC435008F28D7 /* PBXContainerItemProxy */;
		};
		C5090D421EBAC435008F28D7 /* PBXTargetDependency */ = {
			isa = PBXTargetDependency;
			target = C5090D201EBAC435008F28D7 /* demo */;
			targetProxy = C5090D411EBAC435008F28D7 /* PBXContainerItemProxy */;
		};
/* End PBXTargetDependency section */

/* Begin PBXVariantGroup section */
		C5090D281EBAC435008F28D7 /* Main.storyboard */ = {
			isa = PBXVariantGroup;
			children = (
				C5090D291EBAC435008F28D7 /* Base */,
			);
			name = Main.storyboard;
			sourceTree = "<group>";
		};
		C5090D2D1EBAC435008F28D7 /* LaunchScreen.storyboard */ = {
			isa = PBXVariantGroup;
			children = (
				C5090D2E1EBAC435008F28D7 /* Base */,
			);
			name = LaunchScreen.storyboard;
			sourceTree = "<group>";
		};
/* End PBXVariantGroup section */

/* Begin XCBuildConfiguration section */
		C5090D471EBAC435008F28D7 /* Debug */ = {
			isa = XCBuildConfiguration;
			buildSettings = {
				ALWAYS_SEARCH_USER_PATHS = NO;
				CLANG_ANALYZER_NONNULL = YES;
				CLANG_CXX_LANGUAGE_STANDARD = "gnu++0x";
				CLANG_CXX_LIBRARY = "libc++";
				CLANG_ENABLE_MODULES = YES;
				CLANG_ENABLE_OBJC_ARC = YES;
				CLANG_WARN_BOOL_CONVERSION = YES;
				CLANG_WARN_CONSTANT_CONVERSION = YES;
				CLANG_WARN_DIRECT_OBJC_ISA_USAGE = YES_ERROR;
				CLANG_WARN_DOCUMENTATION_COMMENTS = YES;
				CLANG_WARN_EMPTY_BODY = YES;
				CLANG_WARN_ENUM_CONVERSION = YES;
				CLANG_WARN_INFINITE_RECURSION = YES;
				CLANG_WARN_INT_CONVERSION = YES;
				CLANG_WARN_OBJC_ROOT_CLASS = YES_ERROR;
				CLANG_WARN_SUSPICIOUS_MOVE = YES;
				CLANG_WARN_UNREACHABLE_CODE = YES;
				CLANG_WARN__DUPLICATE_METHOD_MATCH = YES;
				"CODE_SIGN_IDENTITY[sdk=iphoneos*]" = "iPhone Developer";
				COPY_PHASE_STRIP = NO;
				DEBUG_INFORMATION_FORMAT = dwarf;
				ENABLE_STRICT_OBJC_MSGSEND = YES;
				ENABLE_TESTABILITY = YES;
				GCC_C_LANGUAGE_STANDARD = gnu99;
				GCC_DYNAMIC_NO_PIC = NO;
				GCC_NO_COMMON_BLOCKS = YES;
				GCC_OPTIMIZATION_LEVEL = 0;
				GCC_PREPROCESSOR_DEFINITIONS = (
					"DEBUG=1",
					"$(inherited)",
				);
				GCC_WARN_64_TO_32_BIT_CONVERSION = YES;
				GCC_WARN_ABOUT_RETURN_TYPE = YES_ERROR;
				GCC_WARN_UNDECLARED_SELECTOR = YES;
				GCC_WARN_UNINITIALIZED_AUTOS = YES_AGGRESSIVE;
				GCC_WARN_UNUSED_FUNCTION = YES;
				GCC_WARN_UNUSED_VARIABLE = YES;
				IPHONEOS_DEPLOYMENT_TARGET = 10.2;
				MTL_ENABLE_DEBUG_INFO = YES;
				ONLY_ACTIVE_ARCH = YES;
				SDKROOT = iphoneos;
				SWIFT_ACTIVE_COMPILATION_CONDITIONS = DEBUG;
				SWIFT_OPTIMIZATION_LEVEL = "-Onone";
				TARGETED_DEVICE_FAMILY = "1,2";
			};
			name = Debug;
		};
		C5090D481EBAC435008F28D7 /* Release */ = {
			isa = XCBuildConfiguration;
			buildSettings = {
				ALWAYS_SEARCH_USER_PATHS = NO;
				CLANG_ANALYZER_NONNULL = YES;
				CLANG_CXX_LANGUAGE_STANDARD = "gnu++0x";
				CLANG_CXX_LIBRARY = "libc++";
				CLANG_ENABLE_MODULES = YES;
				CLANG_ENABLE_OBJC_ARC = YES;
				CLANG_WARN_BOOL_CONVERSION = YES;
				CLANG_WARN_CONSTANT_CONVERSION = YES;
				CLANG_WARN_DIRECT_OBJC_ISA_USAGE = YES_ERROR;
				CLANG_WARN_DOCUMENTATION_COMMENTS = YES;
				CLANG_WARN_EMPTY_BODY = YES;
				CLANG_WARN_ENUM_CONVERSION = YES;
				CLANG_WARN_INFINITE_RECURSION = YES;
				CLANG_WARN_INT_CONVERSION = YES;
				CLANG_WARN_OBJC_ROOT_CLASS = YES_ERROR;
				CLANG_WARN_SUSPICIOUS_MOVE = YES;
				CLANG_WARN_UNREACHABLE_CODE = YES;
				CLANG_WARN__DUPLICATE_METHOD_MATCH = YES;
				"CODE_SIGN_IDENTITY[sdk=iphoneos*]" = "iPhone Developer";
				COPY_PHASE_STRIP = NO;
				DEBUG_INFORMATION_FORMAT = "dwarf-with-dsym";
				ENABLE_NS_ASSERTIONS = NO;
				ENABLE_STRICT_OBJC_MSGSEND = YES;
				GCC_C_LANGUAGE_STANDARD = gnu99;
				GCC_NO_COMMON_BLOCKS = YES;
				GCC_WARN_64_TO_32_BIT_CONVERSION = YES;
				GCC_WARN_ABOUT_RETURN_TYPE = YES_ERROR;
				GCC_WARN_UNDECLARED_SELECTOR = YES;
				GCC_WARN_UNINITIALIZED_AUTOS = YES_AGGRESSIVE;
				GCC_WARN_UNUSED_FUNCTION = YES;
				GCC_WARN_UNUSED_VARIABLE = YES;
				IPHONEOS_DEPLOYMENT_TARGET = 10.2;
				MTL_ENABLE_DEBUG_INFO = NO;
				SDKROOT = iphoneos;
				SWIFT_OPTIMIZATION_LEVEL = "-Owholemodule";
				TARGETED_DEVICE_FAMILY = "1,2";
				VALIDATE_PRODUCT = YES;
			};
			name = Release;
		};
		C5090D4A1EBAC435008F28D7 /* Debug */ = {
			isa = XCBuildConfiguration;
			baseConfigurationReference = 6A8F30AAF4410605322F2183 /* Pods-demo.debug.xcconfig */;
			buildSettings = {
				ASSETCATALOG_COMPILER_APPICON_NAME = AppIcon;
				INFOPLIST_FILE = demo/Info.plist;
				LD_RUNPATH_SEARCH_PATHS = "$(inherited) @executable_path/Frameworks";
				PRODUCT_BUNDLE_IDENTIFIER = com.litech.demo;
				PRODUCT_NAME = "$(TARGET_NAME)";
				SWIFT_VERSION = 3.0;
			};
			name = Debug;
		};
		C5090D4B1EBAC435008F28D7 /* Release */ = {
			isa = XCBuildConfiguration;
			baseConfigurationReference = EB77F2F8F60A29F093FE87AB /* Pods-demo.release.xcconfig */;
			buildSettings = {
				ASSETCATALOG_COMPILER_APPICON_NAME = AppIcon;
				INFOPLIST_FILE = demo/Info.plist;
				LD_RUNPATH_SEARCH_PATHS = "$(inherited) @executable_path/Frameworks";
				PRODUCT_BUNDLE_IDENTIFIER = com.litech.demo;
				PRODUCT_NAME = "$(TARGET_NAME)";
				SWIFT_VERSION = 3.0;
			};
			name = Release;
		};
		C5090D4D1EBAC435008F28D7 /* Debug */ = {
			isa = XCBuildConfiguration;
			baseConfigurationReference = EA6072907980D5BD34196D0D /* Pods-demoTests.debug.xcconfig */;
			buildSettings = {
				ALWAYS_EMBED_SWIFT_STANDARD_LIBRARIES = YES;
				BUNDLE_LOADER = "$(TEST_HOST)";
				INFOPLIST_FILE = demoTests/Info.plist;
				LD_RUNPATH_SEARCH_PATHS = "$(inherited) @executable_path/Frameworks @loader_path/Frameworks";
				PRODUCT_BUNDLE_IDENTIFIER = com.litech.demoTests;
				PRODUCT_NAME = "$(TARGET_NAME)";
				SWIFT_VERSION = 3.0;
				TEST_HOST = "$(BUILT_PRODUCTS_DIR)/demo.app/demo";
			};
			name = Debug;
		};
		C5090D4E1EBAC435008F28D7 /* Release */ = {
			isa = XCBuildConfiguration;
			baseConfigurationReference = A22A628F5874FB622A25F716 /* Pods-demoTests.release.xcconfig */;
			buildSettings = {
				ALWAYS_EMBED_SWIFT_STANDARD_LIBRARIES = YES;
				BUNDLE_LOADER = "$(TEST_HOST)";
				INFOPLIST_FILE = demoTests/Info.plist;
				LD_RUNPATH_SEARCH_PATHS = "$(inherited) @executable_path/Frameworks @loader_path/Frameworks";
				PRODUCT_BUNDLE_IDENTIFIER = com.litech.demoTests;
				PRODUCT_NAME = "$(TARGET_NAME)";
				SWIFT_VERSION = 3.0;
				TEST_HOST = "$(BUILT_PRODUCTS_DIR)/demo.app/demo";
			};
			name = Release;
		};
		C5090D501EBAC435008F28D7 /* Debug */ = {
			isa = XCBuildConfiguration;
			baseConfigurationReference = 86AC1C9A938305EC5B176313 /* Pods-demoUITests.debug.xcconfig */;
			buildSettings = {
				ALWAYS_EMBED_SWIFT_STANDARD_LIBRARIES = YES;
				INFOPLIST_FILE = demoUITests/Info.plist;
				LD_RUNPATH_SEARCH_PATHS = "$(inherited) @executable_path/Frameworks @loader_path/Frameworks";
				PRODUCT_BUNDLE_IDENTIFIER = com.litech.demoUITests;
				PRODUCT_NAME = "$(TARGET_NAME)";
				SWIFT_VERSION = 3.0;
				TEST_TARGET_NAME = demo;
			};
			name = Debug;
		};
		C5090D511EBAC435008F28D7 /* Release */ = {
			isa = XCBuildConfiguration;
			baseConfigurationReference = F99860B07F815468FCBDEBE0 /* Pods-demoUITests.release.xcconfig */;
			buildSettings = {
				ALWAYS_EMBED_SWIFT_STANDARD_LIBRARIES = YES;
				INFOPLIST_FILE = demoUITests/Info.plist;
				LD_RUNPATH_SEARCH_PATHS = "$(inherited) @executable_path/Frameworks @loader_path/Frameworks";
				PRODUCT_BUNDLE_IDENTIFIER = com.litech.demoUITests;
				PRODUCT_NAME = "$(TARGET_NAME)";
				SWIFT_VERSION = 3.0;
				TEST_TARGET_NAME = demo;
			};
			name = Release;
		};
/* End XCBuildConfiguration section */

/* Begin XCConfigurationList section */
		C5090D1C1EBAC435008F28D7 /* Build configuration list for PBXProject "demo" */ = {
			isa = XCConfigurationList;
			buildConfigurations = (
				C5090D471EBAC435008F28D7 /* Debug */,
				C5090D481EBAC435008F28D7 /* Release */,
			);
			defaultConfigurationIsVisible = 0;
			defaultConfigurationName = Release;
		};
		C5090D491EBAC435008F28D7 /* Build configuration list for PBXNativeTarget "demo" */ = {
			isa = XCConfigurationList;
			buildConfigurations = (
				C5090D4A1EBAC435008F28D7 /* Debug */,
				C5090D4B1EBAC435008F28D7 /* Release */,
			);
			defaultConfigurationIsVisible = 0;
			defaultConfigurationName = Release;
		};
		C5090D4C1EBAC435008F28D7 /* Build configuration list for PBXNativeTarget "demoTests" */ = {
			isa = XCConfigurationList;
			buildConfigurations = (
				C5090D4D1EBAC435008F28D7 /* Debug */,
				C5090D4E1EBAC435008F28D7 /* Release */,
			);
			defaultConfigurationIsVisible = 0;
			defaultConfigurationName = Release;
		};
		C5090D4F1EBAC435008F28D7 /* Build configuration list for PBXNativeTarget "demoUITests" */ = {
			isa = XCConfigurationList;
			buildConfigurations = (
				C5090D501EBAC435008F28D7 /* Debug */,
				C5090D511EBAC435008F28D7 /* Release */,
			);
			defaultConfigurationIsVisible = 0;
			defaultConfigurationName = Release;
		};
/* End XCConfigurationList section */
	};
	rootObject = C5090D191EBAC435008F28D7 /* Project object */;
}
